
Microsoft Visual Studio Solution File, Format Version 12.00
# Visual Studio Version 17
VisualStudioVersion = 17.3.32922.545
MinimumVisualStudioVersion = 10.0.40219.1
Project("{FAE04EC0-301F-11D3-BF4B-00C04F79EFBC}") = "Exercicio_5.10", "Exercicio_5.10\Exercicio_5.10.csproj", "{E056319D-5224-4DC4-91D4-36D47164E94E}"
EndProject
Global
	GlobalSection(SolutionConfigurationPlatforms) = preSolution
		Debug|Any CPU = Debug|Any CPU
		Release|Any CPU = Release|Any CPU
	EndGlobalSection
	GlobalSection(ProjectConfigurationPlatforms) = postSolution
		{E056319D-5224-4DC4-91D4-36D47164E94E}.Debug|Any CPU.ActiveCfg = Debug|Any CPU
		{E056319D-5224-4DC4-91D4-36D47164E94E}.Debug|Any CPU.Build.0 = Debug|Any CPU
		{E056319D-5224-4DC4-91D4-36D47164E94E}.Release|Any CPU.ActiveCfg = Release|Any CPU
		{E056319D-5224-4DC4-91D4-36D47164E94E}.Release|Any CPU.Build.0 = Release|Any CPU
	EndGlobalSection
	GlobalSection(SolutionProperties) = preSolution
		HideSolutionNode = FALSE
	EndGlobalSection
	GlobalSection(ExtensibilityGlobals) = postSolution
		SolutionGuid = {C184E201-4F09-4560-956F-2D04FFE54593}
	EndGlobalSection
EndGlobal
