
Microsoft Visual Studio Solution File, Format Version 12.00
# Visual Studio Version 17
VisualStudioVersion = 17.3.32922.545
MinimumVisualStudioVersion = 10.0.40219.1
Project("{FAE04EC0-301F-11D3-BF4B-00C04F79EFBC}") = "Exercicio_5.2", "Exercicio_5.2\Exercicio_5.2.csproj", "{85D2006C-6430-4645-BDF4-0707782C9CE8}"
EndProject
Global
	GlobalSection(SolutionConfigurationPlatforms) = preSolution
		Debug|Any CPU = Debug|Any CPU
		Release|Any CPU = Release|Any CPU
	EndGlobalSection
	GlobalSection(ProjectConfigurationPlatforms) = postSolution
		{85D2006C-6430-4645-BDF4-0707782C9CE8}.Debug|Any CPU.ActiveCfg = Debug|Any CPU
		{85D2006C-6430-4645-BDF4-0707782C9CE8}.Debug|Any CPU.Build.0 = Debug|Any CPU
		{85D2006C-6430-4645-BDF4-0707782C9CE8}.Release|Any CPU.ActiveCfg = Release|Any CPU
		{85D2006C-6430-4645-BDF4-0707782C9CE8}.Release|Any CPU.Build.0 = Release|Any CPU
	EndGlobalSection
	GlobalSection(SolutionProperties) = preSolution
		HideSolutionNode = FALSE
	EndGlobalSection
	GlobalSection(ExtensibilityGlobals) = postSolution
		SolutionGuid = {85043138-17F3-4BAA-961F-0B983A45D383}
	EndGlobalSection
EndGlobal
