
Microsoft Visual Studio Solution File, Format Version 12.00
# Visual Studio Version 17
VisualStudioVersion = 17.3.32922.545
MinimumVisualStudioVersion = 10.0.40219.1
Project("{FAE04EC0-301F-11D3-BF4B-00C04F79EFBC}") = "ConsoleApp1", "ConsoleApp1\ConsoleApp1.csproj", "{C04E35A8-8D98-49A7-AE13-D0CDC8ED7308}"
EndProject
Global
	GlobalSection(SolutionConfigurationPlatforms) = preSolution
		Debug|Any CPU = Debug|Any CPU
		Release|Any CPU = Release|Any CPU
	EndGlobalSection
	GlobalSection(ProjectConfigurationPlatforms) = postSolution
		{C04E35A8-8D98-49A7-AE13-D0CDC8ED7308}.Debug|Any CPU.ActiveCfg = Debug|Any CPU
		{C04E35A8-8D98-49A7-AE13-D0CDC8ED7308}.Debug|Any CPU.Build.0 = Debug|Any CPU
		{C04E35A8-8D98-49A7-AE13-D0CDC8ED7308}.Release|Any CPU.ActiveCfg = Release|Any CPU
		{C04E35A8-8D98-49A7-AE13-D0CDC8ED7308}.Release|Any CPU.Build.0 = Release|Any CPU
	EndGlobalSection
	GlobalSection(SolutionProperties) = preSolution
		HideSolutionNode = FALSE
	EndGlobalSection
	GlobalSection(ExtensibilityGlobals) = postSolution
		SolutionGuid = {818495F5-9EEB-4CE5-8CC9-0A7F66F2A572}
	EndGlobalSection
EndGlobal
