
Microsoft Visual Studio Solution File, Format Version 12.00
# Visual Studio Version 17
VisualStudioVersion = 17.3.32922.545
MinimumVisualStudioVersion = 10.0.40219.1
Project("{FAE04EC0-301F-11D3-BF4B-00C04F79EFBC}") = "ListaDeExercicios_4", "ListaDeExercicios_4\ListaDeExercicios_4.csproj", "{CDFCC8E4-F34C-4FBA-8052-A4477FCD511D}"
EndProject
Global
	GlobalSection(SolutionConfigurationPlatforms) = preSolution
		Debug|Any CPU = Debug|Any CPU
		Release|Any CPU = Release|Any CPU
	EndGlobalSection
	GlobalSection(ProjectConfigurationPlatforms) = postSolution
		{CDFCC8E4-F34C-4FBA-8052-A4477FCD511D}.Debug|Any CPU.ActiveCfg = Debug|Any CPU
		{CDFCC8E4-F34C-4FBA-8052-A4477FCD511D}.Debug|Any CPU.Build.0 = Debug|Any CPU
		{CDFCC8E4-F34C-4FBA-8052-A4477FCD511D}.Release|Any CPU.ActiveCfg = Release|Any CPU
		{CDFCC8E4-F34C-4FBA-8052-A4477FCD511D}.Release|Any CPU.Build.0 = Release|Any CPU
	EndGlobalSection
	GlobalSection(SolutionProperties) = preSolution
		HideSolutionNode = FALSE
	EndGlobalSection
	GlobalSection(ExtensibilityGlobals) = postSolution
		SolutionGuid = {A1CEF1AF-A21A-4355-B3A5-9B8A2C0229B6}
	EndGlobalSection
EndGlobal
