
Microsoft Visual Studio Solution File, Format Version 12.00
# Visual Studio Version 17
VisualStudioVersion = 17.3.32901.215
MinimumVisualStudioVersion = 10.0.40219.1
Project("{FAE04EC0-301F-11D3-BF4B-00C04F79EFBC}") = "Exercicio_1", "Exercicio_1\Exercicio_1.csproj", "{D8018B89-0D57-41DF-9FE7-945B4FA9E57B}"
EndProject
Global
	GlobalSection(SolutionConfigurationPlatforms) = preSolution
		Debug|Any CPU = Debug|Any CPU
		Release|Any CPU = Release|Any CPU
	EndGlobalSection
	GlobalSection(ProjectConfigurationPlatforms) = postSolution
		{D8018B89-0D57-41DF-9FE7-945B4FA9E57B}.Debug|Any CPU.ActiveCfg = Debug|Any CPU
		{D8018B89-0D57-41DF-9FE7-945B4FA9E57B}.Debug|Any CPU.Build.0 = Debug|Any CPU
		{D8018B89-0D57-41DF-9FE7-945B4FA9E57B}.Release|Any CPU.ActiveCfg = Release|Any CPU
		{D8018B89-0D57-41DF-9FE7-945B4FA9E57B}.Release|Any CPU.Build.0 = Release|Any CPU
	EndGlobalSection
	GlobalSection(SolutionProperties) = preSolution
		HideSolutionNode = FALSE
	EndGlobalSection
	GlobalSection(ExtensibilityGlobals) = postSolution
		SolutionGuid = {80CF5027-5BCA-4D86-BE38-D2D9991AAB60}
	EndGlobalSection
EndGlobal
