
Microsoft Visual Studio Solution File, Format Version 12.00
# Visual Studio Version 17
VisualStudioVersion = 17.3.32929.385
MinimumVisualStudioVersion = 10.0.40219.1
Project("{FAE04EC0-301F-11D3-BF4B-00C04F79EFBC}") = "Exercicio_8.2", "Exercicio_8.2\Exercicio_8.2.csproj", "{FA3756DE-A810-4F5A-8CB2-E59FB0155A7E}"
EndProject
Global
	GlobalSection(SolutionConfigurationPlatforms) = preSolution
		Debug|Any CPU = Debug|Any CPU
		Release|Any CPU = Release|Any CPU
	EndGlobalSection
	GlobalSection(ProjectConfigurationPlatforms) = postSolution
		{FA3756DE-A810-4F5A-8CB2-E59FB0155A7E}.Debug|Any CPU.ActiveCfg = Debug|Any CPU
		{FA3756DE-A810-4F5A-8CB2-E59FB0155A7E}.Debug|Any CPU.Build.0 = Debug|Any CPU
		{FA3756DE-A810-4F5A-8CB2-E59FB0155A7E}.Release|Any CPU.ActiveCfg = Release|Any CPU
		{FA3756DE-A810-4F5A-8CB2-E59FB0155A7E}.Release|Any CPU.Build.0 = Release|Any CPU
	EndGlobalSection
	GlobalSection(SolutionProperties) = preSolution
		HideSolutionNode = FALSE
	EndGlobalSection
	GlobalSection(ExtensibilityGlobals) = postSolution
		SolutionGuid = {C398C393-24C6-473E-A082-9A7ED550D2C4}
	EndGlobalSection
EndGlobal
