
Microsoft Visual Studio Solution File, Format Version 12.00
# Visual Studio Version 17
VisualStudioVersion = 17.3.32922.545
MinimumVisualStudioVersion = 10.0.40219.1
Project("{FAE04EC0-301F-11D3-BF4B-00C04F79EFBC}") = "Exercicio_7.3", "Exercicio_7.3\Exercicio_7.3.csproj", "{31D68B63-654D-4E8D-9267-4CC28E969B15}"
EndProject
Global
	GlobalSection(SolutionConfigurationPlatforms) = preSolution
		Debug|Any CPU = Debug|Any CPU
		Release|Any CPU = Release|Any CPU
	EndGlobalSection
	GlobalSection(ProjectConfigurationPlatforms) = postSolution
		{31D68B63-654D-4E8D-9267-4CC28E969B15}.Debug|Any CPU.ActiveCfg = Debug|Any CPU
		{31D68B63-654D-4E8D-9267-4CC28E969B15}.Debug|Any CPU.Build.0 = Debug|Any CPU
		{31D68B63-654D-4E8D-9267-4CC28E969B15}.Release|Any CPU.ActiveCfg = Release|Any CPU
		{31D68B63-654D-4E8D-9267-4CC28E969B15}.Release|Any CPU.Build.0 = Release|Any CPU
	EndGlobalSection
	GlobalSection(SolutionProperties) = preSolution
		HideSolutionNode = FALSE
	EndGlobalSection
	GlobalSection(ExtensibilityGlobals) = postSolution
		SolutionGuid = {5E766785-3D66-4124-BB37-560D1AB8D828}
	EndGlobalSection
EndGlobal
