
Microsoft Visual Studio Solution File, Format Version 12.00
# Visual Studio Version 17
VisualStudioVersion = 17.3.32922.545
MinimumVisualStudioVersion = 10.0.40219.1
Project("{FAE04EC0-301F-11D3-BF4B-00C04F79EFBC}") = "Exercicio_5.3", "Exercicio_5.3\Exercicio_5.3.csproj", "{D1C56582-1716-4978-B9A1-82C8F4A811AD}"
EndProject
Global
	GlobalSection(SolutionConfigurationPlatforms) = preSolution
		Debug|Any CPU = Debug|Any CPU
		Release|Any CPU = Release|Any CPU
	EndGlobalSection
	GlobalSection(ProjectConfigurationPlatforms) = postSolution
		{D1C56582-1716-4978-B9A1-82C8F4A811AD}.Debug|Any CPU.ActiveCfg = Debug|Any CPU
		{D1C56582-1716-4978-B9A1-82C8F4A811AD}.Debug|Any CPU.Build.0 = Debug|Any CPU
		{D1C56582-1716-4978-B9A1-82C8F4A811AD}.Release|Any CPU.ActiveCfg = Release|Any CPU
		{D1C56582-1716-4978-B9A1-82C8F4A811AD}.Release|Any CPU.Build.0 = Release|Any CPU
	EndGlobalSection
	GlobalSection(SolutionProperties) = preSolution
		HideSolutionNode = FALSE
	EndGlobalSection
	GlobalSection(ExtensibilityGlobals) = postSolution
		SolutionGuid = {FA101A13-700F-459A-AE6C-B3504062835E}
	EndGlobalSection
EndGlobal
