
Microsoft Visual Studio Solution File, Format Version 12.00
# Visual Studio Version 17
VisualStudioVersion = 17.3.32929.385
MinimumVisualStudioVersion = 10.0.40219.1
Project("{FAE04EC0-301F-11D3-BF4B-00C04F79EFBC}") = "Exercicio_8.3", "Exercicio_8.3\Exercicio_8.3.csproj", "{D65FE652-1C8D-4FCD-9540-3102D4FBC062}"
EndProject
Global
	GlobalSection(SolutionConfigurationPlatforms) = preSolution
		Debug|Any CPU = Debug|Any CPU
		Release|Any CPU = Release|Any CPU
	EndGlobalSection
	GlobalSection(ProjectConfigurationPlatforms) = postSolution
		{D65FE652-1C8D-4FCD-9540-3102D4FBC062}.Debug|Any CPU.ActiveCfg = Debug|Any CPU
		{D65FE652-1C8D-4FCD-9540-3102D4FBC062}.Debug|Any CPU.Build.0 = Debug|Any CPU
		{D65FE652-1C8D-4FCD-9540-3102D4FBC062}.Release|Any CPU.ActiveCfg = Release|Any CPU
		{D65FE652-1C8D-4FCD-9540-3102D4FBC062}.Release|Any CPU.Build.0 = Release|Any CPU
	EndGlobalSection
	GlobalSection(SolutionProperties) = preSolution
		HideSolutionNode = FALSE
	EndGlobalSection
	GlobalSection(ExtensibilityGlobals) = postSolution
		SolutionGuid = {C695474D-4251-428D-B739-957B787F1AD9}
	EndGlobalSection
EndGlobal
