
Microsoft Visual Studio Solution File, Format Version 12.00
# Visual Studio Version 17
VisualStudioVersion = 17.3.32929.385
MinimumVisualStudioVersion = 10.0.40219.1
Project("{FAE04EC0-301F-11D3-BF4B-00C04F79EFBC}") = "ExercicioWindowsForms", "ExercicioWindowsForms\ExercicioWindowsForms.csproj", "{C3993E3E-AF78-43AA-9817-6F066610054E}"
EndProject
Global
	GlobalSection(SolutionConfigurationPlatforms) = preSolution
		Debug|Any CPU = Debug|Any CPU
		Release|Any CPU = Release|Any CPU
	EndGlobalSection
	GlobalSection(ProjectConfigurationPlatforms) = postSolution
		{C3993E3E-AF78-43AA-9817-6F066610054E}.Debug|Any CPU.ActiveCfg = Debug|Any CPU
		{C3993E3E-AF78-43AA-9817-6F066610054E}.Debug|Any CPU.Build.0 = Debug|Any CPU
		{C3993E3E-AF78-43AA-9817-6F066610054E}.Release|Any CPU.ActiveCfg = Release|Any CPU
		{C3993E3E-AF78-43AA-9817-6F066610054E}.Release|Any CPU.Build.0 = Release|Any CPU
	EndGlobalSection
	GlobalSection(SolutionProperties) = preSolution
		HideSolutionNode = FALSE
	EndGlobalSection
	GlobalSection(ExtensibilityGlobals) = postSolution
		SolutionGuid = {40413F90-F6B7-4F26-9284-854D5AC595F3}
	EndGlobalSection
EndGlobal
